
Microsoft Visual Studio Solution File, Format Version 12.00
# Visual Studio Version 17
VisualStudioVersion = 17.0.32126.317
MinimumVisualStudioVersion = 10.0.40219.1
Project("{FAE04EC0-301F-11D3-BF4B-00C04F79EFBC}") = "AlgorithmChallenge", "AlgorithmChallenge\AlgorithmChallenge.csproj", "{EE2278FE-349F-4068-B26A-B539D47EA280}"
EndProject
Global
	GlobalSection(SolutionConfigurationPlatforms) = preSolution
		Debug|Any CPU = Debug|Any CPU
		Release|Any CPU = Release|Any CPU
	EndGlobalSection
	GlobalSection(ProjectConfigurationPlatforms) = postSolution
		{EE2278FE-349F-4068-B26A-B539D47EA280}.Debug|Any CPU.ActiveCfg = Debug|Any CPU
		{EE2278FE-349F-4068-B26A-B539D47EA280}.Debug|Any CPU.Build.0 = Debug|Any CPU
		{EE2278FE-349F-4068-B26A-B539D47EA280}.Release|Any CPU.ActiveCfg = Release|Any CPU
		{EE2278FE-349F-4068-B26A-B539D47EA280}.Release|Any CPU.Build.0 = Release|Any CPU
	EndGlobalSection
	GlobalSection(SolutionProperties) = preSolution
		HideSolutionNode = FALSE
	EndGlobalSection
	GlobalSection(ExtensibilityGlobals) = postSolution
		SolutionGuid = {D9A80F39-9B20-47F1-A9A2-C2CC57FC5744}
	EndGlobalSection
EndGlobal
